
Microsoft Visual Studio Solution File, Format Version 12.00
# Visual Studio Version 16
VisualStudioVersion = 16.0.31019.35
MinimumVisualStudioVersion = 10.0.40219.1
Project("{FAE04EC0-301F-11D3-BF4B-00C04F79EFBC}") = "Lab2", "Lab2.csproj", "{5E4A3E60-F162-4F88-B694-00CF7AA0F6B7}"
EndProject
Global
	GlobalSection(SolutionConfigurationPlatforms) = preSolution
		Debug|Any CPU = Debug|Any CPU
		Release|Any CPU = Release|Any CPU
	EndGlobalSection
	GlobalSection(ProjectConfigurationPlatforms) = postSolution
		{5E4A3E60-F162-4F88-B694-00CF7AA0F6B7}.Debug|Any CPU.ActiveCfg = Debug|Any CPU
		{5E4A3E60-F162-4F88-B694-00CF7AA0F6B7}.Debug|Any CPU.Build.0 = Debug|Any CPU
		{5E4A3E60-F162-4F88-B694-00CF7AA0F6B7}.Release|Any CPU.ActiveCfg = Release|Any CPU
		{5E4A3E60-F162-4F88-B694-00CF7AA0F6B7}.Release|Any CPU.Build.0 = Release|Any CPU
	EndGlobalSection
	GlobalSection(SolutionProperties) = preSolution
		HideSolutionNode = FALSE
	EndGlobalSection
	GlobalSection(ExtensibilityGlobals) = postSolution
		SolutionGuid = {F8397A64-F174-46DF-93E9-BFC4B41606EF}
	EndGlobalSection
EndGlobal
